
Microsoft Visual Studio Solution File, Format Version 12.00
# Visual Studio Version 16
VisualStudioVersion = 16.0.30114.105
MinimumVisualStudioVersion = 10.0.40219.1
Project("{FAE04EC0-301F-11D3-BF4B-00C04F79EFBC}") = "R5T.T0133.Construction", "R5T.T0133.Construction\R5T.T0133.Construction.csproj", "{999F13EE-8B57-4412-B3BD-66E14C485F3C}"
EndProject
Project("{FAE04EC0-301F-11D3-BF4B-00C04F79EFBC}") = "R5T.T0133", "R5T.T0133\R5T.T0133.csproj", "{47B1550A-E1FF-479B-8C01-25CCC53346C3}"
EndProject
Global
	GlobalSection(SolutionConfigurationPlatforms) = preSolution
		Debug|Any CPU = Debug|Any CPU
		Debug|x64 = Debug|x64
		Debug|x86 = Debug|x86
		Release|Any CPU = Release|Any CPU
		Release|x64 = Release|x64
		Release|x86 = Release|x86
	EndGlobalSection
	GlobalSection(SolutionProperties) = preSolution
		HideSolutionNode = FALSE
	EndGlobalSection
	GlobalSection(ProjectConfigurationPlatforms) = postSolution
		{999F13EE-8B57-4412-B3BD-66E14C485F3C}.Debug|Any CPU.ActiveCfg = Debug|Any CPU
		{999F13EE-8B57-4412-B3BD-66E14C485F3C}.Debug|Any CPU.Build.0 = Debug|Any CPU
		{999F13EE-8B57-4412-B3BD-66E14C485F3C}.Debug|x64.ActiveCfg = Debug|Any CPU
		{999F13EE-8B57-4412-B3BD-66E14C485F3C}.Debug|x64.Build.0 = Debug|Any CPU
		{999F13EE-8B57-4412-B3BD-66E14C485F3C}.Debug|x86.ActiveCfg = Debug|Any CPU
		{999F13EE-8B57-4412-B3BD-66E14C485F3C}.Debug|x86.Build.0 = Debug|Any CPU
		{999F13EE-8B57-4412-B3BD-66E14C485F3C}.Release|Any CPU.ActiveCfg = Release|Any CPU
		{999F13EE-8B57-4412-B3BD-66E14C485F3C}.Release|Any CPU.Build.0 = Release|Any CPU
		{999F13EE-8B57-4412-B3BD-66E14C485F3C}.Release|x64.ActiveCfg = Release|Any CPU
		{999F13EE-8B57-4412-B3BD-66E14C485F3C}.Release|x64.Build.0 = Release|Any CPU
		{999F13EE-8B57-4412-B3BD-66E14C485F3C}.Release|x86.ActiveCfg = Release|Any CPU
		{999F13EE-8B57-4412-B3BD-66E14C485F3C}.Release|x86.Build.0 = Release|Any CPU
		{47B1550A-E1FF-479B-8C01-25CCC53346C3}.Debug|Any CPU.ActiveCfg = Debug|Any CPU
		{47B1550A-E1FF-479B-8C01-25CCC53346C3}.Debug|Any CPU.Build.0 = Debug|Any CPU
		{47B1550A-E1FF-479B-8C01-25CCC53346C3}.Debug|x64.ActiveCfg = Debug|Any CPU
		{47B1550A-E1FF-479B-8C01-25CCC53346C3}.Debug|x64.Build.0 = Debug|Any CPU
		{47B1550A-E1FF-479B-8C01-25CCC53346C3}.Debug|x86.ActiveCfg = Debug|Any CPU
		{47B1550A-E1FF-479B-8C01-25CCC53346C3}.Debug|x86.Build.0 = Debug|Any CPU
		{47B1550A-E1FF-479B-8C01-25CCC53346C3}.Release|Any CPU.ActiveCfg = Release|Any CPU
		{47B1550A-E1FF-479B-8C01-25CCC53346C3}.Release|Any CPU.Build.0 = Release|Any CPU
		{47B1550A-E1FF-479B-8C01-25CCC53346C3}.Release|x64.ActiveCfg = Release|Any CPU
		{47B1550A-E1FF-479B-8C01-25CCC53346C3}.Release|x64.Build.0 = Release|Any CPU
		{47B1550A-E1FF-479B-8C01-25CCC53346C3}.Release|x86.ActiveCfg = Release|Any CPU
		{47B1550A-E1FF-479B-8C01-25CCC53346C3}.Release|x86.Build.0 = Release|Any CPU
	EndGlobalSection
EndGlobal
